
Microsoft Visual Studio Solution File, Format Version 12.00
# Visual Studio Version 17
VisualStudioVersion = 17.13.35818.85
MinimumVisualStudioVersion = 10.0.40219.1
Project("{FAE04EC0-301F-11D3-BF4B-00C04F79EFBC}") = "incercare_tema", "incercare_tema.csproj", "{415754E5-8FE3-4ED6-BC1E-4318FDEE95EE}"
EndProject
Project("{FAE04EC0-301F-11D3-BF4B-00C04F79EFBC}") = "Client", "..\Client\Client.csproj", "{8CEAA4A5-D554-4FA2-8368-75D9D135A98C}"
EndProject
Project("{FAE04EC0-301F-11D3-BF4B-00C04F79EFBC}") = "produs", "..\produs\produs.csproj", "{EE0FB4A5-3830-4AD9-8823-BA85E1556828}"
EndProject
Project("{FAE04EC0-301F-11D3-BF4B-00C04F79EFBC}") = "agenda", "..\agenda\agenda.csproj", "{2783952A-6C07-4642-B7F8-6922076D6EFF}"
EndProject
Global
	GlobalSection(SolutionConfigurationPlatforms) = preSolution
		Debug|Any CPU = Debug|Any CPU
		Release|Any CPU = Release|Any CPU
	EndGlobalSection
	GlobalSection(ProjectConfigurationPlatforms) = postSolution
		{415754E5-8FE3-4ED6-BC1E-4318FDEE95EE}.Debug|Any CPU.ActiveCfg = Debug|Any CPU
		{415754E5-8FE3-4ED6-BC1E-4318FDEE95EE}.Debug|Any CPU.Build.0 = Debug|Any CPU
		{415754E5-8FE3-4ED6-BC1E-4318FDEE95EE}.Release|Any CPU.ActiveCfg = Release|Any CPU
		{415754E5-8FE3-4ED6-BC1E-4318FDEE95EE}.Release|Any CPU.Build.0 = Release|Any CPU
		{8CEAA4A5-D554-4FA2-8368-75D9D135A98C}.Debug|Any CPU.ActiveCfg = Debug|Any CPU
		{8CEAA4A5-D554-4FA2-8368-75D9D135A98C}.Debug|Any CPU.Build.0 = Debug|Any CPU
		{8CEAA4A5-D554-4FA2-8368-75D9D135A98C}.Release|Any CPU.ActiveCfg = Release|Any CPU
		{8CEAA4A5-D554-4FA2-8368-75D9D135A98C}.Release|Any CPU.Build.0 = Release|Any CPU
		{EE0FB4A5-3830-4AD9-8823-BA85E1556828}.Debug|Any CPU.ActiveCfg = Debug|Any CPU
		{EE0FB4A5-3830-4AD9-8823-BA85E1556828}.Debug|Any CPU.Build.0 = Debug|Any CPU
		{EE0FB4A5-3830-4AD9-8823-BA85E1556828}.Release|Any CPU.ActiveCfg = Release|Any CPU
		{EE0FB4A5-3830-4AD9-8823-BA85E1556828}.Release|Any CPU.Build.0 = Release|Any CPU
		{2783952A-6C07-4642-B7F8-6922076D6EFF}.Debug|Any CPU.ActiveCfg = Debug|Any CPU
		{2783952A-6C07-4642-B7F8-6922076D6EFF}.Debug|Any CPU.Build.0 = Debug|Any CPU
		{2783952A-6C07-4642-B7F8-6922076D6EFF}.Release|Any CPU.ActiveCfg = Release|Any CPU
		{2783952A-6C07-4642-B7F8-6922076D6EFF}.Release|Any CPU.Build.0 = Release|Any CPU
	EndGlobalSection
	GlobalSection(SolutionProperties) = preSolution
		HideSolutionNode = FALSE
	EndGlobalSection
	GlobalSection(ExtensibilityGlobals) = postSolution
		SolutionGuid = {5E24AB3E-4A0D-4727-94ED-AAA184F4108A}
	EndGlobalSection
EndGlobal
